
Microsoft Visual Studio Solution File, Format Version 12.00
# Visual Studio 15
VisualStudioVersion = 15.0.26124.0
MinimumVisualStudioVersion = 15.0.26124.0
Project("{2150E333-8FDC-42A3-9474-1A3956D46DE8}") = "src", "src", "{388F509D-D104-4D91-AEB3-CCA855795C52}"
EndProject
Project("{FAE04EC0-301F-11D3-BF4B-00C04F79EFBC}") = "Linq.Expressions.Compare", "src\Linq.Expressions.Compare\Linq.Expressions.Compare.csproj", "{56EAC36A-C30C-4AD7-8DE5-926D0143BD10}"
EndProject
Project("{2150E333-8FDC-42A3-9474-1A3956D46DE8}") = "test", "test", "{1A06CC3B-B8C9-442E-8B28-419242D6A211}"
EndProject
Project("{FAE04EC0-301F-11D3-BF4B-00C04F79EFBC}") = "Linq.Expressions.Compare.Test", "test\Linq.Expressions.Compare.Test\Linq.Expressions.Compare.Test.csproj", "{79BDD90E-C938-485A-B075-50941B5DB1C2}"
EndProject
Global
	GlobalSection(SolutionConfigurationPlatforms) = preSolution
		Debug|Any CPU = Debug|Any CPU
		Debug|x64 = Debug|x64
		Debug|x86 = Debug|x86
		Release|Any CPU = Release|Any CPU
		Release|x64 = Release|x64
		Release|x86 = Release|x86
	EndGlobalSection
	GlobalSection(SolutionProperties) = preSolution
		HideSolutionNode = FALSE
	EndGlobalSection
	GlobalSection(ProjectConfigurationPlatforms) = postSolution
		{56EAC36A-C30C-4AD7-8DE5-926D0143BD10}.Debug|Any CPU.ActiveCfg = Debug|Any CPU
		{56EAC36A-C30C-4AD7-8DE5-926D0143BD10}.Debug|Any CPU.Build.0 = Debug|Any CPU
		{56EAC36A-C30C-4AD7-8DE5-926D0143BD10}.Debug|x64.ActiveCfg = Debug|Any CPU
		{56EAC36A-C30C-4AD7-8DE5-926D0143BD10}.Debug|x64.Build.0 = Debug|Any CPU
		{56EAC36A-C30C-4AD7-8DE5-926D0143BD10}.Debug|x86.ActiveCfg = Debug|Any CPU
		{56EAC36A-C30C-4AD7-8DE5-926D0143BD10}.Debug|x86.Build.0 = Debug|Any CPU
		{56EAC36A-C30C-4AD7-8DE5-926D0143BD10}.Release|Any CPU.ActiveCfg = Release|Any CPU
		{56EAC36A-C30C-4AD7-8DE5-926D0143BD10}.Release|Any CPU.Build.0 = Release|Any CPU
		{56EAC36A-C30C-4AD7-8DE5-926D0143BD10}.Release|x64.ActiveCfg = Release|Any CPU
		{56EAC36A-C30C-4AD7-8DE5-926D0143BD10}.Release|x64.Build.0 = Release|Any CPU
		{56EAC36A-C30C-4AD7-8DE5-926D0143BD10}.Release|x86.ActiveCfg = Release|Any CPU
		{56EAC36A-C30C-4AD7-8DE5-926D0143BD10}.Release|x86.Build.0 = Release|Any CPU
		{79BDD90E-C938-485A-B075-50941B5DB1C2}.Debug|Any CPU.ActiveCfg = Debug|Any CPU
		{79BDD90E-C938-485A-B075-50941B5DB1C2}.Debug|Any CPU.Build.0 = Debug|Any CPU
		{79BDD90E-C938-485A-B075-50941B5DB1C2}.Debug|x64.ActiveCfg = Debug|Any CPU
		{79BDD90E-C938-485A-B075-50941B5DB1C2}.Debug|x64.Build.0 = Debug|Any CPU
		{79BDD90E-C938-485A-B075-50941B5DB1C2}.Debug|x86.ActiveCfg = Debug|Any CPU
		{79BDD90E-C938-485A-B075-50941B5DB1C2}.Debug|x86.Build.0 = Debug|Any CPU
		{79BDD90E-C938-485A-B075-50941B5DB1C2}.Release|Any CPU.ActiveCfg = Release|Any CPU
		{79BDD90E-C938-485A-B075-50941B5DB1C2}.Release|Any CPU.Build.0 = Release|Any CPU
		{79BDD90E-C938-485A-B075-50941B5DB1C2}.Release|x64.ActiveCfg = Release|Any CPU
		{79BDD90E-C938-485A-B075-50941B5DB1C2}.Release|x64.Build.0 = Release|Any CPU
		{79BDD90E-C938-485A-B075-50941B5DB1C2}.Release|x86.ActiveCfg = Release|Any CPU
		{79BDD90E-C938-485A-B075-50941B5DB1C2}.Release|x86.Build.0 = Release|Any CPU
	EndGlobalSection
	GlobalSection(NestedProjects) = preSolution
		{56EAC36A-C30C-4AD7-8DE5-926D0143BD10} = {388F509D-D104-4D91-AEB3-CCA855795C52}
		{79BDD90E-C938-485A-B075-50941B5DB1C2} = {1A06CC3B-B8C9-442E-8B28-419242D6A211}
	EndGlobalSection
EndGlobal
